
Microsoft Visual Studio Solution File, Format Version 12.00
# Visual Studio Version 16
VisualStudioVersion = 16.0.29521.150
MinimumVisualStudioVersion = 10.0.40219.1
Project("{FAE04EC0-301F-11D3-BF4B-00C04F79EFBC}") = "LOL_UI", "LOL_UI\LOL_UI.csproj", "{1723A4D7-B6B8-4495-95C2-5190834FC665}"
EndProject
Global
	GlobalSection(SolutionConfigurationPlatforms) = preSolution
		Debug|Any CPU = Debug|Any CPU
		Release|Any CPU = Release|Any CPU
	EndGlobalSection
	GlobalSection(ProjectConfigurationPlatforms) = postSolution
		{1723A4D7-B6B8-4495-95C2-5190834FC665}.Debug|Any CPU.ActiveCfg = Debug|Any CPU
		{1723A4D7-B6B8-4495-95C2-5190834FC665}.Debug|Any CPU.Build.0 = Debug|Any CPU
		{1723A4D7-B6B8-4495-95C2-5190834FC665}.Release|Any CPU.ActiveCfg = Release|Any CPU
		{1723A4D7-B6B8-4495-95C2-5190834FC665}.Release|Any CPU.Build.0 = Release|Any CPU
	EndGlobalSection
	GlobalSection(SolutionProperties) = preSolution
		HideSolutionNode = FALSE
	EndGlobalSection
	GlobalSection(ExtensibilityGlobals) = postSolution
		SolutionGuid = {1391BB5A-0DF9-4865-A445-F4FCAD3BF2CB}
	EndGlobalSection
EndGlobal
